// !$*UTF8*$!
{
	archiveVersion = 1;
	classes = {
	};
	objectVersion = 46;
	objects = {

/* Begin PBXBuildFile section */
		DE3F941B1AE9EDF0001C5861 /* main.cpp in Sources */ = {isa = PBXBuildFile; fileRef = DE3F941A1AE9EDF0001C5861 /* main.cpp */; };
/* End PBXBuildFile section */

/* Begin PBXCopyFilesBuildPhase section */
		DE29093E1AC664AB0001E733 /* CopyFiles */ = {
			isa = PBXCopyFilesBuildPhase;
			buildActionMask = 2147483647;
			dstPath = /usr/share/man/man1/;
			dstSubfolderSpec = 0;
			files = (
			);
			runOnlyForDeploymentPostprocessing = 1;
		};
/* End PBXCopyFilesBuildPhase section */

/* Begin PBXFileReference section */
		DE2909401AC664AB0001E733 /* oj */ = {isa = PBXFileReference; explicitFileType = "compiled.mach-o.executable"; includeInIndex = 0; path = oj; sourceTree = BUILT_PRODUCTS_DIR; };
		DE29094B1AC664D30001E733 /* hdu1003.hpp */ = {isa = PBXFileReference; fileEncoding = 4; lastKnownFileType = sourcecode.cpp.h; path = hdu1003.hpp; sourceTree = "<group>"; };
		DE3F940E1AE9E649001C5861 /* hdu1013.hpp */ = {isa = PBXFileReference; fileEncoding = 4; lastKnownFileType = sourcecode.cpp.h; path = hdu1013.hpp; sourceTree = "<group>"; };
		DE3F940F1AE9E6A2001C5861 /* hdu1014.hpp */ = {isa = PBXFileReference; fileEncoding = 4; lastKnownFileType = sourcecode.cpp.h; path = hdu1014.hpp; sourceTree = "<group>"; };
		DE3F94101AE9EDC1001C5861 /* hdu1002.hpp */ = {isa = PBXFileReference; fileEncoding = 4; lastKnownFileType = sourcecode.cpp.h; path = hdu1002.hpp; sourceTree = "<group>"; };
		DE3F94111AE9EDC1001C5861 /* hdu1004.hpp */ = {isa = PBXFileReference; fileEncoding = 4; lastKnownFileType = sourcecode.cpp.h; path = hdu1004.hpp; sourceTree = "<group>"; };
		DE3F94121AE9EDC1001C5861 /* hdu1005.hpp */ = {isa = PBXFileReference; fileEncoding = 4; lastKnownFileType = sourcecode.cpp.h; path = hdu1005.hpp; sourceTree = "<group>"; };
		DE3F94131AE9EDC1001C5861 /* hdu1006.hpp */ = {isa = PBXFileReference; fileEncoding = 4; lastKnownFileType = sourcecode.cpp.h; path = hdu1006.hpp; sourceTree = "<group>"; };
		DE3F94141AE9EDC1001C5861 /* hdu1007.hpp */ = {isa = PBXFileReference; fileEncoding = 4; lastKnownFileType = sourcecode.cpp.h; path = hdu1007.hpp; sourceTree = "<group>"; };
		DE3F94151AE9EDD2001C5861 /* hdu1008.hpp */ = {isa = PBXFileReference; fileEncoding = 4; lastKnownFileType = sourcecode.cpp.h; path = hdu1008.hpp; sourceTree = "<group>"; };
		DE3F94161AE9EDD2001C5861 /* hdu1009.hpp */ = {isa = PBXFileReference; fileEncoding = 4; lastKnownFileType = sourcecode.cpp.h; path = hdu1009.hpp; sourceTree = "<group>"; };
		DE3F94171AE9EDD2001C5861 /* hdu1010.hpp */ = {isa = PBXFileReference; fileEncoding = 4; lastKnownFileType = sourcecode.cpp.h; path = hdu1010.hpp; sourceTree = "<group>"; };
		DE3F94181AE9EDD2001C5861 /* hdu1011.hpp */ = {isa = PBXFileReference; fileEncoding = 4; lastKnownFileType = sourcecode.cpp.h; path = hdu1011.hpp; sourceTree = "<group>"; };
		DE3F94191AE9EDD2001C5861 /* hdu1012.hpp */ = {isa = PBXFileReference; fileEncoding = 4; lastKnownFileType = sourcecode.cpp.h; path = hdu1012.hpp; sourceTree = "<group>"; };
		DE3F941A1AE9EDF0001C5861 /* main.cpp */ = {isa = PBXFileReference; fileEncoding = 4; lastKnownFileType = sourcecode.cpp.cpp; path = main.cpp; sourceTree = "<group>"; };
/* End PBXFileReference section */

/* Begin PBXFrameworksBuildPhase section */
		DE29093D1AC664AB0001E733 /* Frameworks */ = {
			isa = PBXFrameworksBuildPhase;
			buildActionMask = 2147483647;
			files = (
			);
			runOnlyForDeploymentPostprocessing = 0;
		};
/* End PBXFrameworksBuildPhase section */

/* Begin PBXGroup section */
		DE2909371AC664AB0001E733 = {
			isa = PBXGroup;
			children = (
				DE3F941A1AE9EDF0001C5861 /* main.cpp */,
				DE29094A1AC664B70001E733 /* hdu */,
				DE2909411AC664AB0001E733 /* Products */,
			);
			sourceTree = "<group>";
		};
		DE2909411AC664AB0001E733 /* Products */ = {
			isa = PBXGroup;
			children = (
				DE2909401AC664AB0001E733 /* oj */,
			);
			name = Products;
			sourceTree = "<group>";
		};
		DE29094A1AC664B70001E733 /* hdu */ = {
			isa = PBXGroup;
			children = (
				DE3F94151AE9EDD2001C5861 /* hdu1008.hpp */,
				DE3F94161AE9EDD2001C5861 /* hdu1009.hpp */,
				DE3F94171AE9EDD2001C5861 /* hdu1010.hpp */,
				DE3F94181AE9EDD2001C5861 /* hdu1011.hpp */,
				DE3F94191AE9EDD2001C5861 /* hdu1012.hpp */,
				DE3F94101AE9EDC1001C5861 /* hdu1002.hpp */,
				DE3F94111AE9EDC1001C5861 /* hdu1004.hpp */,
				DE3F94121AE9EDC1001C5861 /* hdu1005.hpp */,
				DE3F94131AE9EDC1001C5861 /* hdu1006.hpp */,
				DE3F94141AE9EDC1001C5861 /* hdu1007.hpp */,
				DE29094B1AC664D30001E733 /* hdu1003.hpp */,
				DE3F940E1AE9E649001C5861 /* hdu1013.hpp */,
				DE3F940F1AE9E6A2001C5861 /* hdu1014.hpp */,
			);
			name = hdu;
			sourceTree = "<group>";
		};
/* End PBXGroup section */

/* Begin PBXNativeTarget section */
		DE29093F1AC664AB0001E733 /* oj */ = {
			isa = PBXNativeTarget;
			buildConfigurationList = DE2909471AC664AB0001E733 /* Build configuration list for PBXNativeTarget "oj" */;
			buildPhases = (
				DE29093C1AC664AB0001E733 /* Sources */,
				DE29093D1AC664AB0001E733 /* Frameworks */,
				DE29093E1AC664AB0001E733 /* CopyFiles */,
			);
			buildRules = (
			);
			dependencies = (
			);
			name = oj;
			productName = oj;
			productReference = DE2909401AC664AB0001E733 /* oj */;
			productType = "com.apple.product-type.tool";
		};
/* End PBXNativeTarget section */

/* Begin PBXProject section */
		DE2909381AC664AB0001E733 /* Project object */ = {
			isa = PBXProject;
			attributes = {
				LastUpgradeCheck = 0620;
				ORGANIZATIONNAME = shijie;
				TargetAttributes = {
					DE29093F1AC664AB0001E733 = {
						CreatedOnToolsVersion = 6.2;
					};
				};
			};
			buildConfigurationList = DE29093B1AC664AB0001E733 /* Build configuration list for PBXProject "Practice" */;
			compatibilityVersion = "Xcode 3.2";
			developmentRegion = English;
			hasScannedForEncodings = 0;
			knownRegions = (
				en,
			);
			mainGroup = DE2909371AC664AB0001E733;
			productRefGroup = DE2909411AC664AB0001E733 /* Products */;
			projectDirPath = "";
			projectRoot = "";
			targets = (
				DE29093F1AC664AB0001E733 /* oj */,
			);
		};
/* End PBXProject section */

/* Begin PBXSourcesBuildPhase section */
		DE29093C1AC664AB0001E733 /* Sources */ = {
			isa = PBXSourcesBuildPhase;
			buildActionMask = 2147483647;
			files = (
				DE3F941B1AE9EDF0001C5861 /* main.cpp in Sources */,
			);
			runOnlyForDeploymentPostprocessing = 0;
		};
/* End PBXSourcesBuildPhase section */

/* Begin XCBuildConfiguration section */
		DE2909451AC664AB0001E733 /* Debug */ = {
			isa = XCBuildConfiguration;
			buildSettings = {
				ALWAYS_SEARCH_USER_PATHS = NO;
				CLANG_CXX_LANGUAGE_STANDARD = "gnu++0x";
				CLANG_CXX_LIBRARY = "libc++";
				CLANG_ENABLE_MODULES = YES;
				CLANG_ENABLE_OBJC_ARC = YES;
				CLANG_WARN_BOOL_CONVERSION = YES;
				CLANG_WARN_CONSTANT_CONVERSION = YES;
				CLANG_WARN_DIRECT_OBJC_ISA_USAGE = YES_ERROR;
				CLANG_WARN_EMPTY_BODY = YES;
				CLANG_WARN_ENUM_CONVERSION = YES;
				CLANG_WARN_INT_CONVERSION = YES;
				CLANG_WARN_OBJC_ROOT_CLASS = YES_ERROR;
				CLANG_WARN_UNREACHABLE_CODE = YES;
				CLANG_WARN__DUPLICATE_METHOD_MATCH = YES;
				COPY_PHASE_STRIP = NO;
				ENABLE_STRICT_OBJC_MSGSEND = YES;
				GCC_C_LANGUAGE_STANDARD = gnu99;
				GCC_DYNAMIC_NO_PIC = NO;
				GCC_OPTIMIZATION_LEVEL = 0;
				GCC_PREPROCESSOR_DEFINITIONS = (
					"DEBUG=1",
					"$(inherited)",
				);
				GCC_SYMBOLS_PRIVATE_EXTERN = NO;
				GCC_WARN_64_TO_32_BIT_CONVERSION = YES;
				GCC_WARN_ABOUT_RETURN_TYPE = YES_ERROR;
				GCC_WARN_UNDECLARED_SELECTOR = YES;
				GCC_WARN_UNINITIALIZED_AUTOS = YES_AGGRESSIVE;
				GCC_WARN_UNUSED_FUNCTION = YES;
				GCC_WARN_UNUSED_VARIABLE = YES;
				MACOSX_DEPLOYMENT_TARGET = 10.10;
				MTL_ENABLE_DEBUG_INFO = YES;
				ONLY_ACTIVE_ARCH = YES;
				SDKROOT = macosx;
			};
			name = Debug;
		};
		DE2909461AC664AB0001E733 /* Release */ = {
			isa = XCBuildConfiguration;
			buildSettings = {
				ALWAYS_SEARCH_USER_PATHS = NO;
				CLANG_CXX_LANGUAGE_STANDARD = "gnu++0x";
				CLANG_CXX_LIBRARY = "libc++";
				CLANG_ENABLE_MODULES = YES;
				CLANG_ENABLE_OBJC_ARC = YES;
				CLANG_WARN_BOOL_CONVERSION = YES;
				CLANG_WARN_CONSTANT_CONVERSION = YES;
				CLANG_WARN_DIRECT_OBJC_ISA_USAGE = YES_ERROR;
				CLANG_WARN_EMPTY_BODY = YES;
				CLANG_WARN_ENUM_CONVERSION = YES;
				CLANG_WARN_INT_CONVERSION = YES;
				CLANG_WARN_OBJC_ROOT_CLASS = YES_ERROR;
				CLANG_WARN_UNREACHABLE_CODE = YES;
				CLANG_WARN__DUPLICATE_METHOD_MATCH = YES;
				COPY_PHASE_STRIP = NO;
				DEBUG_INFORMATION_FORMAT = "dwarf-with-dsym";
				ENABLE_NS_ASSERTIONS = NO;
				ENABLE_STRICT_OBJC_MSGSEND = YES;
				GCC_C_LANGUAGE_STANDARD = gnu99;
				GCC_WARN_64_TO_32_BIT_CONVERSION = YES;
				GCC_WARN_ABOUT_RETURN_TYPE = YES_ERROR;
				GCC_WARN_UNDECLARED_SELECTOR = YES;
				GCC_WARN_UNINITIALIZED_AUTOS = YES_AGGRESSIVE;
				GCC_WARN_UNUSED_FUNCTION = YES;
				GCC_WARN_UNUSED_VARIABLE = YES;
				MACOSX_DEPLOYMENT_TARGET = 10.10;
				MTL_ENABLE_DEBUG_INFO = NO;
				SDKROOT = macosx;
			};
			name = Release;
		};
		DE2909481AC664AB0001E733 /* Debug */ = {
			isa = XCBuildConfiguration;
			buildSettings = {
				PRODUCT_NAME = "$(TARGET_NAME)";
			};
			name = Debug;
		};
		DE2909491AC664AB0001E733 /* Release */ = {
			isa = XCBuildConfiguration;
			buildSettings = {
				PRODUCT_NAME = "$(TARGET_NAME)";
			};
			name = Release;
		};
/* End XCBuildConfiguration section */

/* Begin XCConfigurationList section */
		DE29093B1AC664AB0001E733 /* Build configuration list for PBXProject "Practice" */ = {
			isa = XCConfigurationList;
			buildConfigurations = (
				DE2909451AC664AB0001E733 /* Debug */,
				DE2909461AC664AB0001E733 /* Release */,
			);
			defaultConfigurationIsVisible = 0;
			defaultConfigurationName = Release;
		};
		DE2909471AC664AB0001E733 /* Build configuration list for PBXNativeTarget "oj" */ = {
			isa = XCConfigurationList;
			buildConfigurations = (
				DE2909481AC664AB0001E733 /* Debug */,
				DE2909491AC664AB0001E733 /* Release */,
			);
			defaultConfigurationIsVisible = 0;
			defaultConfigurationName = Release;
		};
/* End XCConfigurationList section */
	};
	rootObject = DE2909381AC664AB0001E733 /* Project object */;
}
